
Microsoft Visual Studio Solution File, Format Version 12.00
# Visual Studio 15
VisualStudioVersion = 15.0.26124.0
MinimumVisualStudioVersion = 15.0.26124.0
Project("{2150E333-8FDC-42A3-9474-1A3956D46DE8}") = "Data", "Data", "{868A182F-F56C-4E2B-B683-D23C6F7ABAE2}"
EndProject
Project("{FAE04EC0-301F-11D3-BF4B-00C04F79EFBC}") = "TrainMe.Data", "Data\TrainMe.Data\TrainMe.Data.csproj", "{1FCBD0CD-8F80-4ADD-BE7C-E9090CB0AF28}"
EndProject
Project("{FAE04EC0-301F-11D3-BF4B-00C04F79EFBC}") = "TrainMe.Data.Models", "Data\TrainMe.Data.Models\TrainMe.Data.Models.csproj", "{6E7F91BA-E674-428C-B5FD-D44BE32A5F8D}"
EndProject
Project("{FAE04EC0-301F-11D3-BF4B-00C04F79EFBC}") = "TrainMe.Console", "TrainMe.Console\TrainMe.Console.csproj", "{BDE5C4D3-AF7A-4C7D-BB08-00C16FAA3155}"
EndProject
Project("{FAE04EC0-301F-11D3-BF4B-00C04F79EFBC}") = "TrainMe.Common", "TrainMe.Common\TrainMe.Common.csproj", "{EF3BDFA5-CE55-4905-8B79-BB7800C16F0F}"
EndProject
Project("{FAE04EC0-301F-11D3-BF4B-00C04F79EFBC}") = "TrainMe.Data.Common", "Data\TrainMe.Data.Common\TrainMe.Data.Common.csproj", "{90D94B9E-BDD6-4FCD-BDAA-23684DF89965}"
EndProject
Global
	GlobalSection(SolutionConfigurationPlatforms) = preSolution
		Debug|Any CPU = Debug|Any CPU
		Debug|x64 = Debug|x64
		Debug|x86 = Debug|x86
		Release|Any CPU = Release|Any CPU
		Release|x64 = Release|x64
		Release|x86 = Release|x86
	EndGlobalSection
	GlobalSection(SolutionProperties) = preSolution
		HideSolutionNode = FALSE
	EndGlobalSection
	GlobalSection(ProjectConfigurationPlatforms) = postSolution
		{1FCBD0CD-8F80-4ADD-BE7C-E9090CB0AF28}.Debug|Any CPU.ActiveCfg = Debug|Any CPU
		{1FCBD0CD-8F80-4ADD-BE7C-E9090CB0AF28}.Debug|Any CPU.Build.0 = Debug|Any CPU
		{1FCBD0CD-8F80-4ADD-BE7C-E9090CB0AF28}.Debug|x64.ActiveCfg = Debug|Any CPU
		{1FCBD0CD-8F80-4ADD-BE7C-E9090CB0AF28}.Debug|x64.Build.0 = Debug|Any CPU
		{1FCBD0CD-8F80-4ADD-BE7C-E9090CB0AF28}.Debug|x86.ActiveCfg = Debug|Any CPU
		{1FCBD0CD-8F80-4ADD-BE7C-E9090CB0AF28}.Debug|x86.Build.0 = Debug|Any CPU
		{1FCBD0CD-8F80-4ADD-BE7C-E9090CB0AF28}.Release|Any CPU.ActiveCfg = Release|Any CPU
		{1FCBD0CD-8F80-4ADD-BE7C-E9090CB0AF28}.Release|Any CPU.Build.0 = Release|Any CPU
		{1FCBD0CD-8F80-4ADD-BE7C-E9090CB0AF28}.Release|x64.ActiveCfg = Release|Any CPU
		{1FCBD0CD-8F80-4ADD-BE7C-E9090CB0AF28}.Release|x64.Build.0 = Release|Any CPU
		{1FCBD0CD-8F80-4ADD-BE7C-E9090CB0AF28}.Release|x86.ActiveCfg = Release|Any CPU
		{1FCBD0CD-8F80-4ADD-BE7C-E9090CB0AF28}.Release|x86.Build.0 = Release|Any CPU
		{6E7F91BA-E674-428C-B5FD-D44BE32A5F8D}.Debug|Any CPU.ActiveCfg = Debug|Any CPU
		{6E7F91BA-E674-428C-B5FD-D44BE32A5F8D}.Debug|Any CPU.Build.0 = Debug|Any CPU
		{6E7F91BA-E674-428C-B5FD-D44BE32A5F8D}.Debug|x64.ActiveCfg = Debug|Any CPU
		{6E7F91BA-E674-428C-B5FD-D44BE32A5F8D}.Debug|x64.Build.0 = Debug|Any CPU
		{6E7F91BA-E674-428C-B5FD-D44BE32A5F8D}.Debug|x86.ActiveCfg = Debug|Any CPU
		{6E7F91BA-E674-428C-B5FD-D44BE32A5F8D}.Debug|x86.Build.0 = Debug|Any CPU
		{6E7F91BA-E674-428C-B5FD-D44BE32A5F8D}.Release|Any CPU.ActiveCfg = Release|Any CPU
		{6E7F91BA-E674-428C-B5FD-D44BE32A5F8D}.Release|Any CPU.Build.0 = Release|Any CPU
		{6E7F91BA-E674-428C-B5FD-D44BE32A5F8D}.Release|x64.ActiveCfg = Release|Any CPU
		{6E7F91BA-E674-428C-B5FD-D44BE32A5F8D}.Release|x64.Build.0 = Release|Any CPU
		{6E7F91BA-E674-428C-B5FD-D44BE32A5F8D}.Release|x86.ActiveCfg = Release|Any CPU
		{6E7F91BA-E674-428C-B5FD-D44BE32A5F8D}.Release|x86.Build.0 = Release|Any CPU
		{BDE5C4D3-AF7A-4C7D-BB08-00C16FAA3155}.Debug|Any CPU.ActiveCfg = Debug|Any CPU
		{BDE5C4D3-AF7A-4C7D-BB08-00C16FAA3155}.Debug|Any CPU.Build.0 = Debug|Any CPU
		{BDE5C4D3-AF7A-4C7D-BB08-00C16FAA3155}.Debug|x64.ActiveCfg = Debug|Any CPU
		{BDE5C4D3-AF7A-4C7D-BB08-00C16FAA3155}.Debug|x64.Build.0 = Debug|Any CPU
		{BDE5C4D3-AF7A-4C7D-BB08-00C16FAA3155}.Debug|x86.ActiveCfg = Debug|Any CPU
		{BDE5C4D3-AF7A-4C7D-BB08-00C16FAA3155}.Debug|x86.Build.0 = Debug|Any CPU
		{BDE5C4D3-AF7A-4C7D-BB08-00C16FAA3155}.Release|Any CPU.ActiveCfg = Release|Any CPU
		{BDE5C4D3-AF7A-4C7D-BB08-00C16FAA3155}.Release|Any CPU.Build.0 = Release|Any CPU
		{BDE5C4D3-AF7A-4C7D-BB08-00C16FAA3155}.Release|x64.ActiveCfg = Release|Any CPU
		{BDE5C4D3-AF7A-4C7D-BB08-00C16FAA3155}.Release|x64.Build.0 = Release|Any CPU
		{BDE5C4D3-AF7A-4C7D-BB08-00C16FAA3155}.Release|x86.ActiveCfg = Release|Any CPU
		{BDE5C4D3-AF7A-4C7D-BB08-00C16FAA3155}.Release|x86.Build.0 = Release|Any CPU
		{EF3BDFA5-CE55-4905-8B79-BB7800C16F0F}.Debug|Any CPU.ActiveCfg = Debug|Any CPU
		{EF3BDFA5-CE55-4905-8B79-BB7800C16F0F}.Debug|Any CPU.Build.0 = Debug|Any CPU
		{EF3BDFA5-CE55-4905-8B79-BB7800C16F0F}.Debug|x64.ActiveCfg = Debug|Any CPU
		{EF3BDFA5-CE55-4905-8B79-BB7800C16F0F}.Debug|x64.Build.0 = Debug|Any CPU
		{EF3BDFA5-CE55-4905-8B79-BB7800C16F0F}.Debug|x86.ActiveCfg = Debug|Any CPU
		{EF3BDFA5-CE55-4905-8B79-BB7800C16F0F}.Debug|x86.Build.0 = Debug|Any CPU
		{EF3BDFA5-CE55-4905-8B79-BB7800C16F0F}.Release|Any CPU.ActiveCfg = Release|Any CPU
		{EF3BDFA5-CE55-4905-8B79-BB7800C16F0F}.Release|Any CPU.Build.0 = Release|Any CPU
		{EF3BDFA5-CE55-4905-8B79-BB7800C16F0F}.Release|x64.ActiveCfg = Release|Any CPU
		{EF3BDFA5-CE55-4905-8B79-BB7800C16F0F}.Release|x64.Build.0 = Release|Any CPU
		{EF3BDFA5-CE55-4905-8B79-BB7800C16F0F}.Release|x86.ActiveCfg = Release|Any CPU
		{EF3BDFA5-CE55-4905-8B79-BB7800C16F0F}.Release|x86.Build.0 = Release|Any CPU
		{90D94B9E-BDD6-4FCD-BDAA-23684DF89965}.Debug|Any CPU.ActiveCfg = Debug|Any CPU
		{90D94B9E-BDD6-4FCD-BDAA-23684DF89965}.Debug|Any CPU.Build.0 = Debug|Any CPU
		{90D94B9E-BDD6-4FCD-BDAA-23684DF89965}.Debug|x64.ActiveCfg = Debug|Any CPU
		{90D94B9E-BDD6-4FCD-BDAA-23684DF89965}.Debug|x64.Build.0 = Debug|Any CPU
		{90D94B9E-BDD6-4FCD-BDAA-23684DF89965}.Debug|x86.ActiveCfg = Debug|Any CPU
		{90D94B9E-BDD6-4FCD-BDAA-23684DF89965}.Debug|x86.Build.0 = Debug|Any CPU
		{90D94B9E-BDD6-4FCD-BDAA-23684DF89965}.Release|Any CPU.ActiveCfg = Release|Any CPU
		{90D94B9E-BDD6-4FCD-BDAA-23684DF89965}.Release|Any CPU.Build.0 = Release|Any CPU
		{90D94B9E-BDD6-4FCD-BDAA-23684DF89965}.Release|x64.ActiveCfg = Release|Any CPU
		{90D94B9E-BDD6-4FCD-BDAA-23684DF89965}.Release|x64.Build.0 = Release|Any CPU
		{90D94B9E-BDD6-4FCD-BDAA-23684DF89965}.Release|x86.ActiveCfg = Release|Any CPU
		{90D94B9E-BDD6-4FCD-BDAA-23684DF89965}.Release|x86.Build.0 = Release|Any CPU
	EndGlobalSection
	GlobalSection(NestedProjects) = preSolution
		{1FCBD0CD-8F80-4ADD-BE7C-E9090CB0AF28} = {868A182F-F56C-4E2B-B683-D23C6F7ABAE2}
		{6E7F91BA-E674-428C-B5FD-D44BE32A5F8D} = {868A182F-F56C-4E2B-B683-D23C6F7ABAE2}
		{90D94B9E-BDD6-4FCD-BDAA-23684DF89965} = {868A182F-F56C-4E2B-B683-D23C6F7ABAE2}
	EndGlobalSection
EndGlobal
